// !$*UTF8*$!
{
	archiveVersion = 1;
	classes = {
	};
	objectVersion = 46;
	objects = {

/* Begin PBXBuildFile section */
		7C3FC6B11E2343F5009ADF28 /* AppDelegate.swift in Sources */ = {isa = PBXBuildFile; fileRef = 7C3FC6B01E2343F5009ADF28 /* AppDelegate.swift */; };
		7C3FC6B31E2343F5009ADF28 /* ViewController.swift in Sources */ = {isa = PBXBuildFile; fileRef = 7C3FC6B21E2343F5009ADF28 /* ViewController.swift */; };
		7C3FC6B61E2343F5009ADF28 /* Main.storyboard in Resources */ = {isa = PBXBuildFile; fileRef = 7C3FC6B41E2343F5009ADF28 /* Main.storyboard */; };
		7C3FC6B81E2343F6009ADF28 /* Assets.xcassets in Resources */ = {isa = PBXBuildFile; fileRef = 7C3FC6B71E2343F6009ADF28 /* Assets.xcassets */; };
		7C3FC6BB1E2343F6009ADF28 /* LaunchScreen.storyboard in Resources */ = {isa = PBXBuildFile; fileRef = 7C3FC6B91E2343F6009ADF28 /* LaunchScreen.storyboard */; };
		7C5140ED1F31804700263E8A /* resident_evil.png in Resources */ = {isa = PBXBuildFile; fileRef = 7C5140E91F31804700263E8A /* resident_evil.png */; };
		7C5140EE1F31804700263E8A /* resident_evil.mp4 in Resources */ = {isa = PBXBuildFile; fileRef = 7C5140EA1F31804700263E8A /* resident_evil.mp4 */; };
		7C5140EF1F31804700263E8A /* star_wars.png in Resources */ = {isa = PBXBuildFile; fileRef = 7C5140EB1F31804700263E8A /* star_wars.png */; };
		7C5140F01F31804700263E8A /* star_wars.mp4 in Resources */ = {isa = PBXBuildFile; fileRef = 7C5140EC1F31804700263E8A /* star_wars.mp4 */; };
		7C5140F71F3183E100263E8A /* MediaBrowser.framework in Frameworks */ = {isa = PBXBuildFile; fileRef = 7C5140F61F31805500263E8A /* MediaBrowser.framework */; };
		7C5140F81F3183E100263E8A /* MediaBrowser.framework in Embed Frameworks */ = {isa = PBXBuildFile; fileRef = 7C5140F61F31805500263E8A /* MediaBrowser.framework */; settings = {ATTRIBUTES = (CodeSignOnCopy, RemoveHeadersOnCopy, ); }; };
/* End PBXBuildFile section */

/* Begin PBXContainerItemProxy section */
		7C5140F51F31805500263E8A /* PBXContainerItemProxy */ = {
			isa = PBXContainerItemProxy;
			containerPortal = 7C5140F11F31805400263E8A /* MediaBrowser.xcodeproj */;
			proxyType = 2;
			remoteGlobalIDString = 7C5140D91F317EE400263E8A;
			remoteInfo = MediaBrowser;
		};
		7C5140F91F3183E100263E8A /* PBXContainerItemProxy */ = {
			isa = PBXContainerItemProxy;
			containerPortal = 7C5140F11F31805400263E8A /* MediaBrowser.xcodeproj */;
			proxyType = 1;
			remoteGlobalIDString = 7C5140D81F317EE400263E8A;
			remoteInfo = MediaBrowser;
		};
/* End PBXContainerItemProxy section */

/* Begin PBXCopyFilesBuildPhase section */
		7C5140FB1F3183E100263E8A /* Embed Frameworks */ = {
			isa = PBXCopyFilesBuildPhase;
			buildActionMask = 2147483647;
			dstPath = "";
			dstSubfolderSpec = 10;
			files = (
				7C5140F81F3183E100263E8A /* MediaBrowser.framework in Embed Frameworks */,
			);
			name = "Embed Frameworks";
			runOnlyForDeploymentPostprocessing = 0;
		};
/* End PBXCopyFilesBuildPhase section */

/* Begin PBXFileReference section */
		7C3FC6AD1E2343F5009ADF28 /* MediaBrowser-Sample.app */ = {isa = PBXFileReference; explicitFileType = wrapper.application; includeInIndex = 0; path = "MediaBrowser-Sample.app"; sourceTree = BUILT_PRODUCTS_DIR; };
		7C3FC6B01E2343F5009ADF28 /* AppDelegate.swift */ = {isa = PBXFileReference; lastKnownFileType = sourcecode.swift; path = AppDelegate.swift; sourceTree = "<group>"; };
		7C3FC6B21E2343F5009ADF28 /* ViewController.swift */ = {isa = PBXFileReference; lastKnownFileType = sourcecode.swift; path = ViewController.swift; sourceTree = "<group>"; };
		7C3FC6B51E2343F5009ADF28 /* Base */ = {isa = PBXFileReference; lastKnownFileType = file.storyboard; name = Base; path = Base.lproj/Main.storyboard; sourceTree = "<group>"; };
		7C3FC6B71E2343F6009ADF28 /* Assets.xcassets */ = {isa = PBXFileReference; lastKnownFileType = folder.assetcatalog; path = Assets.xcassets; sourceTree = "<group>"; };
		7C3FC6BA1E2343F6009ADF28 /* Base */ = {isa = PBXFileReference; lastKnownFileType = file.storyboard; name = Base; path = Base.lproj/LaunchScreen.storyboard; sourceTree = "<group>"; };
		7C3FC6BC1E2343F6009ADF28 /* Info.plist */ = {isa = PBXFileReference; lastKnownFileType = text.plist.xml; path = Info.plist; sourceTree = "<group>"; };
		7C5140E91F31804700263E8A /* resident_evil.png */ = {isa = PBXFileReference; lastKnownFileType = image.png; path = resident_evil.png; sourceTree = "<group>"; };
		7C5140EA1F31804700263E8A /* resident_evil.mp4 */ = {isa = PBXFileReference; lastKnownFileType = file; path = resident_evil.mp4; sourceTree = "<group>"; };
		7C5140EB1F31804700263E8A /* star_wars.png */ = {isa = PBXFileReference; lastKnownFileType = image.png; path = star_wars.png; sourceTree = "<group>"; };
		7C5140EC1F31804700263E8A /* star_wars.mp4 */ = {isa = PBXFileReference; lastKnownFileType = file; path = star_wars.mp4; sourceTree = "<group>"; };
		7C5140F11F31805400263E8A /* MediaBrowser.xcodeproj */ = {isa = PBXFileReference; lastKnownFileType = "wrapper.pb-project"; name = MediaBrowser.xcodeproj; path = MediaBrowser/MediaBrowser.xcodeproj; sourceTree = "<group>"; };
/* End PBXFileReference section */

/* Begin PBXFrameworksBuildPhase section */
		7C3FC6AA1E2343F5009ADF28 /* Frameworks */ = {
			isa = PBXFrameworksBuildPhase;
			buildActionMask = 2147483647;
			files = (
				7C5140F71F3183E100263E8A /* MediaBrowser.framework in Frameworks */,
			);
			runOnlyForDeploymentPostprocessing = 0;
		};
/* End PBXFrameworksBuildPhase section */

/* Begin PBXGroup section */
		7C3FC6A41E2343F4009ADF28 = {
			isa = PBXGroup;
			children = (
				7C3FC6AF1E2343F5009ADF28 /* MediaBrowser-Sample */,
				7C5140E81F31800D00263E8A /* Resources */,
				7C3FC6AE1E2343F5009ADF28 /* Products */,
				7C5140F11F31805400263E8A /* MediaBrowser.xcodeproj */,
			);
			sourceTree = "<group>";
		};
		7C3FC6AE1E2343F5009ADF28 /* Products */ = {
			isa = PBXGroup;
			children = (
				7C3FC6AD1E2343F5009ADF28 /* MediaBrowser-Sample.app */,
			);
			name = Products;
			sourceTree = "<group>";
		};
		7C3FC6AF1E2343F5009ADF28 /* MediaBrowser-Sample */ = {
			isa = PBXGroup;
			children = (
				7C3FC6B01E2343F5009ADF28 /* AppDelegate.swift */,
				7C3FC6B21E2343F5009ADF28 /* ViewController.swift */,
				7C3FC6B41E2343F5009ADF28 /* Main.storyboard */,
				7C3FC6B71E2343F6009ADF28 /* Assets.xcassets */,
				7C3FC6B91E2343F6009ADF28 /* LaunchScreen.storyboard */,
				7C3FC6BC1E2343F6009ADF28 /* Info.plist */,
			);
			path = "MediaBrowser-Sample";
			sourceTree = "<group>";
		};
		7C5140E81F31800D00263E8A /* Resources */ = {
			isa = PBXGroup;
			children = (
				7C5140E91F31804700263E8A /* resident_evil.png */,
				7C5140EA1F31804700263E8A /* resident_evil.mp4 */,
				7C5140EB1F31804700263E8A /* star_wars.png */,
				7C5140EC1F31804700263E8A /* star_wars.mp4 */,
			);
			name = Resources;
			path = "MediaBrowser-Sample/Resources";
			sourceTree = "<group>";
		};
		7C5140F21F31805400263E8A /* Products */ = {
			isa = PBXGroup;
			children = (
				7C5140F61F31805500263E8A /* MediaBrowser.framework */,
			);
			name = Products;
			sourceTree = "<group>";
		};
/* End PBXGroup section */

/* Begin PBXNativeTarget section */
		7C3FC6AC1E2343F5009ADF28 /* MediaBrowser-Sample */ = {
			isa = PBXNativeTarget;
			buildConfigurationList = 7C3FC6BF1E2343F6009ADF28 /* Build configuration list for PBXNativeTarget "MediaBrowser-Sample" */;
			buildPhases = (
				7C3FC6A91E2343F5009ADF28 /* Sources */,
				7C3FC6AA1E2343F5009ADF28 /* Frameworks */,
				7C3FC6AB1E2343F5009ADF28 /* Resources */,
				7C5140FB1F3183E100263E8A /* Embed Frameworks */,
			);
			buildRules = (
			);
			dependencies = (
				7C5140FA1F3183E100263E8A /* PBXTargetDependency */,
			);
			name = "MediaBrowser-Sample";
			productName = "MediaBrowser-Sample";
			productReference = 7C3FC6AD1E2343F5009ADF28 /* MediaBrowser-Sample.app */;
			productType = "com.apple.product-type.application";
		};
/* End PBXNativeTarget section */

/* Begin PBXProject section */
		7C3FC6A51E2343F5009ADF28 /* Project object */ = {
			isa = PBXProject;
			attributes = {
				LastSwiftUpdateCheck = 0820;
				LastUpgradeCheck = 0820;
				ORGANIZATIONNAME = Joe;
				TargetAttributes = {
					7C3FC6AC1E2343F5009ADF28 = {
						CreatedOnToolsVersion = 8.2.1;
						DevelopmentTeam = AZ5GBDWZ9H;
						ProvisioningStyle = Automatic;
					};
				};
			};
			buildConfigurationList = 7C3FC6A81E2343F5009ADF28 /* Build configuration list for PBXProject "MediaBrowser-Sample" */;
			compatibilityVersion = "Xcode 3.2";
			developmentRegion = English;
			hasScannedForEncodings = 0;
			knownRegions = (
				en,
				Base,
			);
			mainGroup = 7C3FC6A41E2343F4009ADF28;
			productRefGroup = 7C3FC6AE1E2343F5009ADF28 /* Products */;
			projectDirPath = "";
			projectReferences = (
				{
					ProductGroup = 7C5140F21F31805400263E8A /* Products */;
					ProjectRef = 7C5140F11F31805400263E8A /* MediaBrowser.xcodeproj */;
				},
			);
			projectRoot = "";
			targets = (
				7C3FC6AC1E2343F5009ADF28 /* MediaBrowser-Sample */,
			);
		};
/* End PBXProject section */

/* Begin PBXReferenceProxy section */
		7C5140F61F31805500263E8A /* MediaBrowser.framework */ = {
			isa = PBXReferenceProxy;
			fileType = wrapper.framework;
			path = MediaBrowser.framework;
			remoteRef = 7C5140F51F31805500263E8A /* PBXContainerItemProxy */;
			sourceTree = BUILT_PRODUCTS_DIR;
		};
/* End PBXReferenceProxy section */

/* Begin PBXResourcesBuildPhase section */
		7C3FC6AB1E2343F5009ADF28 /* Resources */ = {
			isa = PBXResourcesBuildPhase;
			buildActionMask = 2147483647;
			files = (
				7C5140EF1F31804700263E8A /* star_wars.png in Resources */,
				7C3FC6BB1E2343F6009ADF28 /* LaunchScreen.storyboard in Resources */,
				7C5140ED1F31804700263E8A /* resident_evil.png in Resources */,
				7C5140EE1F31804700263E8A /* resident_evil.mp4 in Resources */,
				7C5140F01F31804700263E8A /* star_wars.mp4 in Resources */,
				7C3FC6B81E2343F6009ADF28 /* Assets.xcassets in Resources */,
				7C3FC6B61E2343F5009ADF28 /* Main.storyboard in Resources */,
			);
			runOnlyForDeploymentPostprocessing = 0;
		};
/* End PBXResourcesBuildPhase section */

/* Begin PBXSourcesBuildPhase section */
		7C3FC6A91E2343F5009ADF28 /* Sources */ = {
			isa = PBXSourcesBuildPhase;
			buildActionMask = 2147483647;
			files = (
				7C3FC6B31E2343F5009ADF28 /* ViewController.swift in Sources */,
				7C3FC6B11E2343F5009ADF28 /* AppDelegate.swift in Sources */,
			);
			runOnlyForDeploymentPostprocessing = 0;
		};
/* End PBXSourcesBuildPhase section */

/* Begin PBXTargetDependency section */
		7C5140FA1F3183E100263E8A /* PBXTargetDependency */ = {
			isa = PBXTargetDependency;
			name = MediaBrowser;
			targetProxy = 7C5140F91F3183E100263E8A /* PBXContainerItemProxy */;
		};
/* End PBXTargetDependency section */

/* Begin PBXVariantGroup section */
		7C3FC6B41E2343F5009ADF28 /* Main.storyboard */ = {
			isa = PBXVariantGroup;
			children = (
				7C3FC6B51E2343F5009ADF28 /* Base */,
			);
			name = Main.storyboard;
			sourceTree = "<group>";
		};
		7C3FC6B91E2343F6009ADF28 /* LaunchScreen.storyboard */ = {
			isa = PBXVariantGroup;
			children = (
				7C3FC6BA1E2343F6009ADF28 /* Base */,
			);
			name = LaunchScreen.storyboard;
			sourceTree = "<group>";
		};
/* End PBXVariantGroup section */

/* Begin XCBuildConfiguration section */
		7C3FC6BD1E2343F6009ADF28 /* Debug */ = {
			isa = XCBuildConfiguration;
			buildSettings = {
				ALWAYS_SEARCH_USER_PATHS = NO;
				CLANG_ANALYZER_NONNULL = YES;
				CLANG_CXX_LANGUAGE_STANDARD = "gnu++0x";
				CLANG_CXX_LIBRARY = "libc++";
				CLANG_ENABLE_MODULES = YES;
				CLANG_ENABLE_OBJC_ARC = YES;
				CLANG_WARN_BOOL_CONVERSION = YES;
				CLANG_WARN_CONSTANT_CONVERSION = YES;
				CLANG_WARN_DIRECT_OBJC_ISA_USAGE = YES_ERROR;
				CLANG_WARN_DOCUMENTATION_COMMENTS = YES;
				CLANG_WARN_EMPTY_BODY = YES;
				CLANG_WARN_ENUM_CONVERSION = YES;
				CLANG_WARN_INFINITE_RECURSION = YES;
				CLANG_WARN_INT_CONVERSION = YES;
				CLANG_WARN_OBJC_ROOT_CLASS = YES_ERROR;
				CLANG_WARN_SUSPICIOUS_MOVE = YES;
				CLANG_WARN_UNREACHABLE_CODE = YES;
				CLANG_WARN__DUPLICATE_METHOD_MATCH = YES;
				"CODE_SIGN_IDENTITY[sdk=iphoneos*]" = "iPhone Developer";
				COPY_PHASE_STRIP = NO;
				DEBUG_INFORMATION_FORMAT = dwarf;
				ENABLE_STRICT_OBJC_MSGSEND = YES;
				ENABLE_TESTABILITY = YES;
				GCC_C_LANGUAGE_STANDARD = gnu99;
				GCC_DYNAMIC_NO_PIC = NO;
				GCC_NO_COMMON_BLOCKS = YES;
				GCC_OPTIMIZATION_LEVEL = 0;
				GCC_PREPROCESSOR_DEFINITIONS = (
					"DEBUG=1",
					"$(inherited)",
				);
				GCC_WARN_64_TO_32_BIT_CONVERSION = YES;
				GCC_WARN_ABOUT_RETURN_TYPE = YES_ERROR;
				GCC_WARN_UNDECLARED_SELECTOR = YES;
				GCC_WARN_UNINITIALIZED_AUTOS = YES_AGGRESSIVE;
				GCC_WARN_UNUSED_FUNCTION = YES;
				GCC_WARN_UNUSED_VARIABLE = YES;
				IPHONEOS_DEPLOYMENT_TARGET = 10.2;
				MTL_ENABLE_DEBUG_INFO = YES;
				ONLY_ACTIVE_ARCH = YES;
				SDKROOT = iphoneos;
				SWIFT_ACTIVE_COMPILATION_CONDITIONS = DEBUG;
				SWIFT_OPTIMIZATION_LEVEL = "-Onone";
			};
			name = Debug;
		};
		7C3FC6BE1E2343F6009ADF28 /* Release */ = {
			isa = XCBuildConfiguration;
			buildSettings = {
				ALWAYS_SEARCH_USER_PATHS = NO;
				CLANG_ANALYZER_NONNULL = YES;
				CLANG_CXX_LANGUAGE_STANDARD = "gnu++0x";
				CLANG_CXX_LIBRARY = "libc++";
				CLANG_ENABLE_MODULES = YES;
				CLANG_ENABLE_OBJC_ARC = YES;
				CLANG_WARN_BOOL_CONVERSION = YES;
				CLANG_WARN_CONSTANT_CONVERSION = YES;
				CLANG_WARN_DIRECT_OBJC_ISA_USAGE = YES_ERROR;
				CLANG_WARN_DOCUMENTATION_COMMENTS = YES;
				CLANG_WARN_EMPTY_BODY = YES;
				CLANG_WARN_ENUM_CONVERSION = YES;
				CLANG_WARN_INFINITE_RECURSION = YES;
				CLANG_WARN_INT_CONVERSION = YES;
				CLANG_WARN_OBJC_ROOT_CLASS = YES_ERROR;
				CLANG_WARN_SUSPICIOUS_MOVE = YES;
				CLANG_WARN_UNREACHABLE_CODE = YES;
				CLANG_WARN__DUPLICATE_METHOD_MATCH = YES;
				"CODE_SIGN_IDENTITY[sdk=iphoneos*]" = "iPhone Developer";
				COPY_PHASE_STRIP = NO;
				DEBUG_INFORMATION_FORMAT = "dwarf-with-dsym";
				ENABLE_NS_ASSERTIONS = NO;
				ENABLE_STRICT_OBJC_MSGSEND = YES;
				GCC_C_LANGUAGE_STANDARD = gnu99;
				GCC_NO_COMMON_BLOCKS = YES;
				GCC_WARN_64_TO_32_BIT_CONVERSION = YES;
				GCC_WARN_ABOUT_RETURN_TYPE = YES_ERROR;
				GCC_WARN_UNDECLARED_SELECTOR = YES;
				GCC_WARN_UNINITIALIZED_AUTOS = YES_AGGRESSIVE;
				GCC_WARN_UNUSED_FUNCTION = YES;
				GCC_WARN_UNUSED_VARIABLE = YES;
				IPHONEOS_DEPLOYMENT_TARGET = 10.2;
				MTL_ENABLE_DEBUG_INFO = NO;
				SDKROOT = iphoneos;
				SWIFT_OPTIMIZATION_LEVEL = "-Owholemodule";
				VALIDATE_PRODUCT = YES;
			};
			name = Release;
		};
		7C3FC6C01E2343F6009ADF28 /* Debug */ = {
			isa = XCBuildConfiguration;
			buildSettings = {
				ALWAYS_EMBED_SWIFT_STANDARD_LIBRARIES = YES;
				ASSETCATALOG_COMPILER_APPICON_NAME = AppIcon;
				DEVELOPMENT_TEAM = AZ5GBDWZ9H;
				INFOPLIST_FILE = "MediaBrowser-Sample/Info.plist";
				LD_RUNPATH_SEARCH_PATHS = "$(inherited) @executable_path/Frameworks";
				PRODUCT_BUNDLE_IDENTIFIER = "com.joe.MediaBrowser-Sample";
				PRODUCT_NAME = "$(TARGET_NAME)";
				SWIFT_VERSION = 3.0;
			};
			name = Debug;
		};
		7C3FC6C11E2343F6009ADF28 /* Release */ = {
			isa = XCBuildConfiguration;
			buildSettings = {
				ALWAYS_EMBED_SWIFT_STANDARD_LIBRARIES = YES;
				ASSETCATALOG_COMPILER_APPICON_NAME = AppIcon;
				DEVELOPMENT_TEAM = AZ5GBDWZ9H;
				INFOPLIST_FILE = "MediaBrowser-Sample/Info.plist";
				LD_RUNPATH_SEARCH_PATHS = "$(inherited) @executable_path/Frameworks";
				PRODUCT_BUNDLE_IDENTIFIER = "com.joe.MediaBrowser-Sample";
				PRODUCT_NAME = "$(TARGET_NAME)";
				SWIFT_VERSION = 3.0;
			};
			name = Release;
		};
/* End XCBuildConfiguration section */

/* Begin XCConfigurationList section */
		7C3FC6A81E2343F5009ADF28 /* Build configuration list for PBXProject "MediaBrowser-Sample" */ = {
			isa = XCConfigurationList;
			buildConfigurations = (
				7C3FC6BD1E2343F6009ADF28 /* Debug */,
				7C3FC6BE1E2343F6009ADF28 /* Release */,
			);
			defaultConfigurationIsVisible = 0;
			defaultConfigurationName = Release;
		};
		7C3FC6BF1E2343F6009ADF28 /* Build configuration list for PBXNativeTarget "MediaBrowser-Sample" */ = {
			isa = XCConfigurationList;
			buildConfigurations = (
				7C3FC6C01E2343F6009ADF28 /* Debug */,
				7C3FC6C11E2343F6009ADF28 /* Release */,
			);
			defaultConfigurationIsVisible = 0;
			defaultConfigurationName = Release;
		};
/* End XCConfigurationList section */
	};
	rootObject = 7C3FC6A51E2343F5009ADF28 /* Project object */;
}
